// !$*UTF8*$!
{
	archiveVersion = 1;
	classes = {
	};
	objectVersion = 56;
	objects = {

/* Begin PBXBuildFile section */
		C20E7B1A2C88AA50003E9979 /* LocationDataManager.swift in Sources */ = {isa = PBXBuildFile; fileRef = C20E7B192C88AA50003E9979 /* LocationDataManager.swift */; };
		C2170FA82CA1FD2D00484D4C /* PorchFestEvent.swift in Sources */ = {isa = PBXBuildFile; fileRef = C2170FA72CA1FD2D00484D4C /* PorchFestEvent.swift */; };
		C2170FAA2CA1FD6500484D4C /* SimplePorchFestEvent.swift in Sources */ = {isa = PBXBuildFile; fileRef = C2170FA92CA1FD6500484D4C /* SimplePorchFestEvent.swift */; };
		C2170FBB2CA2001A00484D4C /* PorchFestEventTests.swift in Sources */ = {isa = PBXBuildFile; fileRef = C2170FBA2CA2001A00484D4C /* PorchFestEventTests.swift */; };
		C2170FBD2CA2002C00484D4C /* SimplePorchFestEventTests.swift in Sources */ = {isa = PBXBuildFile; fileRef = C2170FBC2CA2002C00484D4C /* SimplePorchFestEventTests.swift */; };
		C2170FBE2CA2032300484D4C /* Ithaca2024.json in Resources */ = {isa = PBXBuildFile; fileRef = C28209DE2C9F8DC200684D35 /* Ithaca2024.json */; };
		C2170FBF2CA2032300484D4C /* PorchfestList.json in Resources */ = {isa = PBXBuildFile; fileRef = C28209DF2C9F8DC600684D35 /* PorchfestList.json */; };
		C226C33D2C88A5D90023F6FC /* PorchFestApp.swift in Sources */ = {isa = PBXBuildFile; fileRef = C226C33C2C88A5D90023F6FC /* PorchFestApp.swift */; };
		C226C33F2C88A5D90023F6FC /* ContentView.swift in Sources */ = {isa = PBXBuildFile; fileRef = C226C33E2C88A5D90023F6FC /* ContentView.swift */; };
		C226C3412C88A5DA0023F6FC /* Assets.xcassets in Resources */ = {isa = PBXBuildFile; fileRef = C226C3402C88A5DA0023F6FC /* Assets.xcassets */; };
		C226C3442C88A5DA0023F6FC /* Preview Assets.xcassets in Resources */ = {isa = PBXBuildFile; fileRef = C226C3432C88A5DA0023F6FC /* Preview Assets.xcassets */; };
		C28209E32CA08CE000684D35 /* MainNavigationView.swift in Sources */ = {isa = PBXBuildFile; fileRef = C28209E22CA08CE000684D35 /* MainNavigationView.swift */; };
		C28209E52CA08DA500684D35 /* AroundMeView.swift in Sources */ = {isa = PBXBuildFile; fileRef = C28209E42CA08DA500684D35 /* AroundMeView.swift */; };
		C28209E72CA093B800684D35 /* RecordView.swift in Sources */ = {isa = PBXBuildFile; fileRef = C28209E62CA093B800684D35 /* RecordView.swift */; };
		C28209E92CA094A600684D35 /* HistoryView.swift in Sources */ = {isa = PBXBuildFile; fileRef = C28209E82CA094A600684D35 /* HistoryView.swift */; };
		C28209EB2CA0951400684D35 /* FavoritesView.swift in Sources */ = {isa = PBXBuildFile; fileRef = C28209EA2CA0951400684D35 /* FavoritesView.swift */; };
		C2C3AE2C2C8B4D5B00DC8F58 /* MapViewRepresentable.swift in Sources */ = {isa = PBXBuildFile; fileRef = C2C3AE2B2C8B4D5B00DC8F58 /* MapViewRepresentable.swift */; };
/* End PBXBuildFile section */

/* Begin PBXContainerItemProxy section */
		C2170FB52CA1FFD800484D4C /* PBXContainerItemProxy */ = {
			isa = PBXContainerItemProxy;
			containerPortal = C226C3312C88A5D90023F6FC /* Project object */;
			proxyType = 1;
			remoteGlobalIDString = C226C3382C88A5D90023F6FC;
			remoteInfo = PorchFest;
		};
/* End PBXContainerItemProxy section */

/* Begin PBXFileReference section */
		C20E7B192C88AA50003E9979 /* LocationDataManager.swift */ = {isa = PBXFileReference; lastKnownFileType = sourcecode.swift; path = LocationDataManager.swift; sourceTree = "<group>"; };
		C2170FA72CA1FD2D00484D4C /* PorchFestEvent.swift */ = {isa = PBXFileReference; lastKnownFileType = sourcecode.swift; path = PorchFestEvent.swift; sourceTree = "<group>"; };
		C2170FA92CA1FD6500484D4C /* SimplePorchFestEvent.swift */ = {isa = PBXFileReference; lastKnownFileType = sourcecode.swift; path = SimplePorchFestEvent.swift; sourceTree = "<group>"; };
		C2170FB12CA1FFD800484D4C /* PorchFestTests.xctest */ = {isa = PBXFileReference; explicitFileType = wrapper.cfbundle; includeInIndex = 0; path = PorchFestTests.xctest; sourceTree = BUILT_PRODUCTS_DIR; };
		C2170FBA2CA2001A00484D4C /* PorchFestEventTests.swift */ = {isa = PBXFileReference; lastKnownFileType = sourcecode.swift; path = PorchFestEventTests.swift; sourceTree = "<group>"; };
		C2170FBC2CA2002C00484D4C /* SimplePorchFestEventTests.swift */ = {isa = PBXFileReference; lastKnownFileType = sourcecode.swift; path = SimplePorchFestEventTests.swift; sourceTree = "<group>"; };
		C226C3392C88A5D90023F6FC /* PorchFest.app */ = {isa = PBXFileReference; explicitFileType = wrapper.application; includeInIndex = 0; path = PorchFest.app; sourceTree = BUILT_PRODUCTS_DIR; };
		C226C33C2C88A5D90023F6FC /* PorchFestApp.swift */ = {isa = PBXFileReference; lastKnownFileType = sourcecode.swift; path = PorchFestApp.swift; sourceTree = "<group>"; };
		C226C33E2C88A5D90023F6FC /* ContentView.swift */ = {isa = PBXFileReference; lastKnownFileType = sourcecode.swift; path = ContentView.swift; sourceTree = "<group>"; };
		C226C3402C88A5DA0023F6FC /* Assets.xcassets */ = {isa = PBXFileReference; lastKnownFileType = folder.assetcatalog; path = Assets.xcassets; sourceTree = "<group>"; };
		C226C3432C88A5DA0023F6FC /* Preview Assets.xcassets */ = {isa = PBXFileReference; lastKnownFileType = folder.assetcatalog; path = "Preview Assets.xcassets"; sourceTree = "<group>"; };
		C28209DE2C9F8DC200684D35 /* Ithaca2024.json */ = {isa = PBXFileReference; lastKnownFileType = text.json; path = Ithaca2024.json; sourceTree = "<group>"; };
		C28209DF2C9F8DC600684D35 /* PorchfestList.json */ = {isa = PBXFileReference; lastKnownFileType = text.json; path = PorchfestList.json; sourceTree = "<group>"; };
		C28209E22CA08CE000684D35 /* MainNavigationView.swift */ = {isa = PBXFileReference; lastKnownFileType = sourcecode.swift; path = MainNavigationView.swift; sourceTree = "<group>"; };
		C28209E42CA08DA500684D35 /* AroundMeView.swift */ = {isa = PBXFileReference; lastKnownFileType = sourcecode.swift; path = AroundMeView.swift; sourceTree = "<group>"; };
		C28209E62CA093B800684D35 /* RecordView.swift */ = {isa = PBXFileReference; lastKnownFileType = sourcecode.swift; path = RecordView.swift; sourceTree = "<group>"; };
		C28209E82CA094A600684D35 /* HistoryView.swift */ = {isa = PBXFileReference; lastKnownFileType = sourcecode.swift; path = HistoryView.swift; sourceTree = "<group>"; };
		C28209EA2CA0951400684D35 /* FavoritesView.swift */ = {isa = PBXFileReference; lastKnownFileType = sourcecode.swift; path = FavoritesView.swift; sourceTree = "<group>"; };
		C297477E2C8A44BA00F7EB08 /* Info.plist */ = {isa = PBXFileReference; lastKnownFileType = text.plist; path = Info.plist; sourceTree = "<group>"; };
		C2C3AE2B2C8B4D5B00DC8F58 /* MapViewRepresentable.swift */ = {isa = PBXFileReference; lastKnownFileType = sourcecode.swift; path = MapViewRepresentable.swift; sourceTree = "<group>"; };
/* End PBXFileReference section */

/* Begin PBXFrameworksBuildPhase section */
		C2170FAE2CA1FFD800484D4C /* Frameworks */ = {
			isa = PBXFrameworksBuildPhase;
			buildActionMask = 2147483647;
			files = (
			);
			runOnlyForDeploymentPostprocessing = 0;
		};
		C226C3362C88A5D90023F6FC /* Frameworks */ = {
			isa = PBXFrameworksBuildPhase;
			buildActionMask = 2147483647;
			files = (
			);
			runOnlyForDeploymentPostprocessing = 0;
		};
/* End PBXFrameworksBuildPhase section */

/* Begin PBXGroup section */
		C2170FA62CA1FCF100484D4C /* Models */ = {
			isa = PBXGroup;
			children = (
				C2170FA72CA1FD2D00484D4C /* PorchFestEvent.swift */,
				C2170FA92CA1FD6500484D4C /* SimplePorchFestEvent.swift */,
			);
			path = Models;
			sourceTree = "<group>";
		};
		C2170FAB2CA1FD8800484D4C /* Views */ = {
			isa = PBXGroup;
			children = (
				C28209E22CA08CE000684D35 /* MainNavigationView.swift */,
				C28209E42CA08DA500684D35 /* AroundMeView.swift */,
				C28209E62CA093B800684D35 /* RecordView.swift */,
				C28209E82CA094A600684D35 /* HistoryView.swift */,
				C28209EA2CA0951400684D35 /* FavoritesView.swift */,
			);
			path = Views;
			sourceTree = "<group>";
		};
		C2170FAC2CA1FDCB00484D4C /* LocationFiles */ = {
			isa = PBXGroup;
			children = (
				C2C3AE2B2C8B4D5B00DC8F58 /* MapViewRepresentable.swift */,
				C20E7B192C88AA50003E9979 /* LocationDataManager.swift */,
			);
			path = LocationFiles;
			sourceTree = "<group>";
		};
		C2170FB22CA1FFD800484D4C /* PorchFestTests */ = {
			isa = PBXGroup;
			children = (
				C28209DE2C9F8DC200684D35 /* Ithaca2024.json */,
				C28209DF2C9F8DC600684D35 /* PorchfestList.json */,
				C2170FBA2CA2001A00484D4C /* PorchFestEventTests.swift */,
				C2170FBC2CA2002C00484D4C /* SimplePorchFestEventTests.swift */,
			);
			path = PorchFestTests;
			sourceTree = "<group>";
		};
		C226C3302C88A5D90023F6FC = {
			isa = PBXGroup;
			children = (
				C226C33B2C88A5D90023F6FC /* PorchFest */,
				C2170FB22CA1FFD800484D4C /* PorchFestTests */,
				C226C33A2C88A5D90023F6FC /* Products */,
			);
			sourceTree = "<group>";
		};
		C226C33A2C88A5D90023F6FC /* Products */ = {
			isa = PBXGroup;
			children = (
				C226C3392C88A5D90023F6FC /* PorchFest.app */,
				C2170FB12CA1FFD800484D4C /* PorchFestTests.xctest */,
			);
			name = Products;
			sourceTree = "<group>";
		};
		C226C33B2C88A5D90023F6FC /* PorchFest */ = {
			isa = PBXGroup;
			children = (
				C2170FAB2CA1FD8800484D4C /* Views */,
				C2170FA62CA1FCF100484D4C /* Models */,
				C2170FAC2CA1FDCB00484D4C /* LocationFiles */,
				C226C33E2C88A5D90023F6FC /* ContentView.swift */,
				C226C33C2C88A5D90023F6FC /* PorchFestApp.swift */,
				C297477E2C8A44BA00F7EB08 /* Info.plist */,
				C226C3402C88A5DA0023F6FC /* Assets.xcassets */,
				C226C3422C88A5DA0023F6FC /* Preview Content */,
			);
			path = PorchFest;
			sourceTree = "<group>";
		};
		C226C3422C88A5DA0023F6FC /* Preview Content */ = {
			isa = PBXGroup;
			children = (
				C226C3432C88A5DA0023F6FC /* Preview Assets.xcassets */,
			);
			path = "Preview Content";
			sourceTree = "<group>";
		};
/* End PBXGroup section */

/* Begin PBXNativeTarget section */
		C2170FB02CA1FFD800484D4C /* PorchFestTests */ = {
			isa = PBXNativeTarget;
			buildConfigurationList = C2170FB72CA1FFD800484D4C /* Build configuration list for PBXNativeTarget "PorchFestTests" */;
			buildPhases = (
				C2170FAD2CA1FFD800484D4C /* Sources */,
				C2170FAE2CA1FFD800484D4C /* Frameworks */,
				C2170FAF2CA1FFD800484D4C /* Resources */,
			);
			buildRules = (
			);
			dependencies = (
				C2170FB62CA1FFD800484D4C /* PBXTargetDependency */,
			);
			name = PorchFestTests;
			productName = PorchFestTests;
			productReference = C2170FB12CA1FFD800484D4C /* PorchFestTests.xctest */;
			productType = "com.apple.product-type.bundle.unit-test";
		};
		C226C3382C88A5D90023F6FC /* PorchFest */ = {
			isa = PBXNativeTarget;
			buildConfigurationList = C226C3472C88A5DA0023F6FC /* Build configuration list for PBXNativeTarget "PorchFest" */;
			buildPhases = (
				C226C3352C88A5D90023F6FC /* Sources */,
				C226C3362C88A5D90023F6FC /* Frameworks */,
				C226C3372C88A5D90023F6FC /* Resources */,
			);
			buildRules = (
			);
			dependencies = (
			);
			name = PorchFest;
			productName = PorchFest;
			productReference = C226C3392C88A5D90023F6FC /* PorchFest.app */;
			productType = "com.apple.product-type.application";
		};
/* End PBXNativeTarget section */

/* Begin PBXProject section */
		C226C3312C88A5D90023F6FC /* Project object */ = {
			isa = PBXProject;
			attributes = {
				BuildIndependentTargetsInParallel = 1;
				LastSwiftUpdateCheck = 1540;
				LastUpgradeCheck = 1540;
				TargetAttributes = {
					C2170FB02CA1FFD800484D4C = {
						CreatedOnToolsVersion = 15.4;
						LastSwiftMigration = 1540;
						TestTargetID = C226C3382C88A5D90023F6FC;
					};
					C226C3382C88A5D90023F6FC = {
						CreatedOnToolsVersion = 15.4;
					};
				};
			};
			buildConfigurationList = C226C3342C88A5D90023F6FC /* Build configuration list for PBXProject "PorchFest" */;
			compatibilityVersion = "Xcode 14.0";
			developmentRegion = en;
			hasScannedForEncodings = 0;
			knownRegions = (
				en,
				Base,
			);
			mainGroup = C226C3302C88A5D90023F6FC;
			productRefGroup = C226C33A2C88A5D90023F6FC /* Products */;
			projectDirPath = "";
			projectRoot = "";
			targets = (
				C226C3382C88A5D90023F6FC /* PorchFest */,
				C2170FB02CA1FFD800484D4C /* PorchFestTests */,
			);
		};
/* End PBXProject section */

/* Begin PBXResourcesBuildPhase section */
		C2170FAF2CA1FFD800484D4C /* Resources */ = {
			isa = PBXResourcesBuildPhase;
			buildActionMask = 2147483647;
			files = (
				C2170FBE2CA2032300484D4C /* Ithaca2024.json in Resources */,
				C2170FBF2CA2032300484D4C /* PorchfestList.json in Resources */,
			);
			runOnlyForDeploymentPostprocessing = 0;
		};
		C226C3372C88A5D90023F6FC /* Resources */ = {
			isa = PBXResourcesBuildPhase;
			buildActionMask = 2147483647;
			files = (
				C226C3442C88A5DA0023F6FC /* Preview Assets.xcassets in Resources */,
				C226C3412C88A5DA0023F6FC /* Assets.xcassets in Resources */,
			);
			runOnlyForDeploymentPostprocessing = 0;
		};
/* End PBXResourcesBuildPhase section */

/* Begin PBXSourcesBuildPhase section */
		C2170FAD2CA1FFD800484D4C /* Sources */ = {
			isa = PBXSourcesBuildPhase;
			buildActionMask = 2147483647;
			files = (
				C2170FBB2CA2001A00484D4C /* PorchFestEventTests.swift in Sources */,
				C2170FBD2CA2002C00484D4C /* SimplePorchFestEventTests.swift in Sources */,
			);
			runOnlyForDeploymentPostprocessing = 0;
		};
		C226C3352C88A5D90023F6FC /* Sources */ = {
			isa = PBXSourcesBuildPhase;
			buildActionMask = 2147483647;
			files = (
				C226C33F2C88A5D90023F6FC /* ContentView.swift in Sources */,
				C2170FAA2CA1FD6500484D4C /* SimplePorchFestEvent.swift in Sources */,
				C28209E92CA094A600684D35 /* HistoryView.swift in Sources */,
				C28209E52CA08DA500684D35 /* AroundMeView.swift in Sources */,
				C20E7B1A2C88AA50003E9979 /* LocationDataManager.swift in Sources */,
				C28209E72CA093B800684D35 /* RecordView.swift in Sources */,
				C2C3AE2C2C8B4D5B00DC8F58 /* MapViewRepresentable.swift in Sources */,
				C28209E32CA08CE000684D35 /* MainNavigationView.swift in Sources */,
				C2170FA82CA1FD2D00484D4C /* PorchFestEvent.swift in Sources */,
				C226C33D2C88A5D90023F6FC /* PorchFestApp.swift in Sources */,
				C28209EB2CA0951400684D35 /* FavoritesView.swift in Sources */,
			);
			runOnlyForDeploymentPostprocessing = 0;
		};
/* End PBXSourcesBuildPhase section */

/* Begin PBXTargetDependency section */
		C2170FB62CA1FFD800484D4C /* PBXTargetDependency */ = {
			isa = PBXTargetDependency;
			target = C226C3382C88A5D90023F6FC /* PorchFest */;
			targetProxy = C2170FB52CA1FFD800484D4C /* PBXContainerItemProxy */;
		};
/* End PBXTargetDependency section */

/* Begin XCBuildConfiguration section */
		C2170FB82CA1FFD800484D4C /* Debug */ = {
			isa = XCBuildConfiguration;
			buildSettings = {
				BUNDLE_LOADER = "$(TEST_HOST)";
				CLANG_ENABLE_MODULES = YES;
				CODE_SIGN_STYLE = Automatic;
				CURRENT_PROJECT_VERSION = 1;
				DEVELOPMENT_TEAM = 3726845BCQ;
				GENERATE_INFOPLIST_FILE = YES;
				MARKETING_VERSION = 1.0;
				PRODUCT_BUNDLE_IDENTIFIER = org.PorchFestTests;
				PRODUCT_NAME = "$(TARGET_NAME)";
				SWIFT_EMIT_LOC_STRINGS = NO;
				SWIFT_OPTIMIZATION_LEVEL = "-Onone";
				SWIFT_VERSION = 5.0;
				TARGETED_DEVICE_FAMILY = "1,2";
				TEST_HOST = "$(BUILT_PRODUCTS_DIR)/PorchFest.app/$(BUNDLE_EXECUTABLE_FOLDER_PATH)/PorchFest";
			};
			name = Debug;
		};
		C2170FB92CA1FFD800484D4C /* Release */ = {
			isa = XCBuildConfiguration;
			buildSettings = {
				BUNDLE_LOADER = "$(TEST_HOST)";
				CLANG_ENABLE_MODULES = YES;
				CODE_SIGN_STYLE = Automatic;
				CURRENT_PROJECT_VERSION = 1;
				DEVELOPMENT_TEAM = 3726845BCQ;
				GENERATE_INFOPLIST_FILE = YES;
				MARKETING_VERSION = 1.0;
				PRODUCT_BUNDLE_IDENTIFIER = org.PorchFestTests;
				PRODUCT_NAME = "$(TARGET_NAME)";
				SWIFT_EMIT_LOC_STRINGS = NO;
				SWIFT_VERSION = 5.0;
				TARGETED_DEVICE_FAMILY = "1,2";
				TEST_HOST = "$(BUILT_PRODUCTS_DIR)/PorchFest.app/$(BUNDLE_EXECUTABLE_FOLDER_PATH)/PorchFest";
			};
			name = Release;
		};
		C226C3452C88A5DA0023F6FC /* Debug */ = {
			isa = XCBuildConfiguration;
			buildSettings = {
				ALWAYS_SEARCH_USER_PATHS = NO;
				ASSETCATALOG_COMPILER_GENERATE_SWIFT_ASSET_SYMBOL_EXTENSIONS = YES;
				CLANG_ANALYZER_NONNULL = YES;
				CLANG_ANALYZER_NUMBER_OBJECT_CONVERSION = YES_AGGRESSIVE;
				CLANG_CXX_LANGUAGE_STANDARD = "gnu++20";
				CLANG_ENABLE_MODULES = YES;
				CLANG_ENABLE_OBJC_ARC = YES;
				CLANG_ENABLE_OBJC_WEAK = YES;
				CLANG_WARN_BLOCK_CAPTURE_AUTORELEASING = YES;
				CLANG_WARN_BOOL_CONVERSION = YES;
				CLANG_WARN_COMMA = YES;
				CLANG_WARN_CONSTANT_CONVERSION = YES;
				CLANG_WARN_DEPRECATED_OBJC_IMPLEMENTATIONS = YES;
				CLANG_WARN_DIRECT_OBJC_ISA_USAGE = YES_ERROR;
				CLANG_WARN_DOCUMENTATION_COMMENTS = YES;
				CLANG_WARN_EMPTY_BODY = YES;
				CLANG_WARN_ENUM_CONVERSION = YES;
				CLANG_WARN_INFINITE_RECURSION = YES;
				CLANG_WARN_INT_CONVERSION = YES;
				CLANG_WARN_NON_LITERAL_NULL_CONVERSION = YES;
				CLANG_WARN_OBJC_IMPLICIT_RETAIN_SELF = YES;
				CLANG_WARN_OBJC_LITERAL_CONVERSION = YES;
				CLANG_WARN_OBJC_ROOT_CLASS = YES_ERROR;
				CLANG_WARN_QUOTED_INCLUDE_IN_FRAMEWORK_HEADER = YES;
				CLANG_WARN_RANGE_LOOP_ANALYSIS = YES;
				CLANG_WARN_STRICT_PROTOTYPES = YES;
				CLANG_WARN_SUSPICIOUS_MOVE = YES;
				CLANG_WARN_UNGUARDED_AVAILABILITY = YES_AGGRESSIVE;
				CLANG_WARN_UNREACHABLE_CODE = YES;
				CLANG_WARN__DUPLICATE_METHOD_MATCH = YES;
				COPY_PHASE_STRIP = NO;
				DEBUG_INFORMATION_FORMAT = dwarf;
				ENABLE_STRICT_OBJC_MSGSEND = YES;
				ENABLE_TESTABILITY = YES;
				ENABLE_USER_SCRIPT_SANDBOXING = YES;
				GCC_C_LANGUAGE_STANDARD = gnu17;
				GCC_DYNAMIC_NO_PIC = NO;
				GCC_NO_COMMON_BLOCKS = YES;
				GCC_OPTIMIZATION_LEVEL = 0;
				GCC_PREPROCESSOR_DEFINITIONS = (
					"DEBUG=1",
					"$(inherited)",
				);
				GCC_WARN_64_TO_32_BIT_CONVERSION = YES;
				GCC_WARN_ABOUT_RETURN_TYPE = YES_ERROR;
				GCC_WARN_UNDECLARED_SELECTOR = YES;
				GCC_WARN_UNINITIALIZED_AUTOS = YES_AGGRESSIVE;
				GCC_WARN_UNUSED_FUNCTION = YES;
				GCC_WARN_UNUSED_VARIABLE = YES;
				IPHONEOS_DEPLOYMENT_TARGET = 17.5;
				LOCALIZATION_PREFERS_STRING_CATALOGS = YES;
				MTL_ENABLE_DEBUG_INFO = INCLUDE_SOURCE;
				MTL_FAST_MATH = YES;
				ONLY_ACTIVE_ARCH = YES;
				SDKROOT = iphoneos;
				SWIFT_ACTIVE_COMPILATION_CONDITIONS = "DEBUG $(inherited)";
				SWIFT_OPTIMIZATION_LEVEL = "-Onone";
			};
			name = Debug;
		};
		C226C3462C88A5DA0023F6FC /* Release */ = {
			isa = XCBuildConfiguration;
			buildSettings = {
				ALWAYS_SEARCH_USER_PATHS = NO;
				ASSETCATALOG_COMPILER_GENERATE_SWIFT_ASSET_SYMBOL_EXTENSIONS = YES;
				CLANG_ANALYZER_NONNULL = YES;
				CLANG_ANALYZER_NUMBER_OBJECT_CONVERSION = YES_AGGRESSIVE;
				CLANG_CXX_LANGUAGE_STANDARD = "gnu++20";
				CLANG_ENABLE_MODULES = YES;
				CLANG_ENABLE_OBJC_ARC = YES;
				CLANG_ENABLE_OBJC_WEAK = YES;
				CLANG_WARN_BLOCK_CAPTURE_AUTORELEASING = YES;
				CLANG_WARN_BOOL_CONVERSION = YES;
				CLANG_WARN_COMMA = YES;
				CLANG_WARN_CONSTANT_CONVERSION = YES;
				CLANG_WARN_DEPRECATED_OBJC_IMPLEMENTATIONS = YES;
				CLANG_WARN_DIRECT_OBJC_ISA_USAGE = YES_ERROR;
				CLANG_WARN_DOCUMENTATION_COMMENTS = YES;
				CLANG_WARN_EMPTY_BODY = YES;
				CLANG_WARN_ENUM_CONVERSION = YES;
				CLANG_WARN_INFINITE_RECURSION = YES;
				CLANG_WARN_INT_CONVERSION = YES;
				CLANG_WARN_NON_LITERAL_NULL_CONVERSION = YES;
				CLANG_WARN_OBJC_IMPLICIT_RETAIN_SELF = YES;
				CLANG_WARN_OBJC_LITERAL_CONVERSION = YES;
				CLANG_WARN_OBJC_ROOT_CLASS = YES_ERROR;
				CLANG_WARN_QUOTED_INCLUDE_IN_FRAMEWORK_HEADER = YES;
				CLANG_WARN_RANGE_LOOP_ANALYSIS = YES;
				CLANG_WARN_STRICT_PROTOTYPES = YES;
				CLANG_WARN_SUSPICIOUS_MOVE = YES;
				CLANG_WARN_UNGUARDED_AVAILABILITY = YES_AGGRESSIVE;
				CLANG_WARN_UNREACHABLE_CODE = YES;
				CLANG_WARN__DUPLICATE_METHOD_MATCH = YES;
				COPY_PHASE_STRIP = NO;
				DEBUG_INFORMATION_FORMAT = "dwarf-with-dsym";
				ENABLE_NS_ASSERTIONS = NO;
				ENABLE_STRICT_OBJC_MSGSEND = YES;
				ENABLE_USER_SCRIPT_SANDBOXING = YES;
				GCC_C_LANGUAGE_STANDARD = gnu17;
				GCC_NO_COMMON_BLOCKS = YES;
				GCC_WARN_64_TO_32_BIT_CONVERSION = YES;
				GCC_WARN_ABOUT_RETURN_TYPE = YES_ERROR;
				GCC_WARN_UNDECLARED_SELECTOR = YES;
				GCC_WARN_UNINITIALIZED_AUTOS = YES_AGGRESSIVE;
				GCC_WARN_UNUSED_FUNCTION = YES;
				GCC_WARN_UNUSED_VARIABLE = YES;
				IPHONEOS_DEPLOYMENT_TARGET = 17.5;
				LOCALIZATION_PREFERS_STRING_CATALOGS = YES;
				MTL_ENABLE_DEBUG_INFO = NO;
				MTL_FAST_MATH = YES;
				SDKROOT = iphoneos;
				SWIFT_COMPILATION_MODE = wholemodule;
				VALIDATE_PRODUCT = YES;
			};
			name = Release;
		};
		C226C3482C88A5DA0023F6FC /* Debug */ = {
			isa = XCBuildConfiguration;
			buildSettings = {
				ASSETCATALOG_COMPILER_APPICON_NAME = AppIcon;
				ASSETCATALOG_COMPILER_GLOBAL_ACCENT_COLOR_NAME = AccentColor;
				CODE_SIGN_STYLE = Automatic;
				CURRENT_PROJECT_VERSION = 1;
				DEVELOPMENT_ASSET_PATHS = "\"PorchFest/Preview Content\"";
				DEVELOPMENT_TEAM = 3726845BCQ;
				ENABLE_PREVIEWS = YES;
				GENERATE_INFOPLIST_FILE = YES;
				INFOPLIST_FILE = PorchFest/Info.plist;
				INFOPLIST_KEY_CFBundleDisplayName = PorchFest;
				INFOPLIST_KEY_LSApplicationCategoryType = "public.app-category.music";
				INFOPLIST_KEY_NSLocationWhenInUseUsageDescription = "The Porchfest App is dependent on your location for use";
				INFOPLIST_KEY_UIApplicationSceneManifest_Generation = YES;
				INFOPLIST_KEY_UIApplicationSupportsIndirectInputEvents = YES;
				INFOPLIST_KEY_UILaunchScreen_Generation = YES;
				INFOPLIST_KEY_UISupportedInterfaceOrientations_iPad = "UIInterfaceOrientationPortrait UIInterfaceOrientationPortraitUpsideDown UIInterfaceOrientationLandscapeLeft UIInterfaceOrientationLandscapeRight";
				INFOPLIST_KEY_UISupportedInterfaceOrientations_iPhone = "UIInterfaceOrientationPortrait UIInterfaceOrientationLandscapeLeft UIInterfaceOrientationLandscapeRight";
				LD_RUNPATH_SEARCH_PATHS = (
					"$(inherited)",
					"@executable_path/Frameworks",
				);
				MARKETING_VERSION = 1.0;
				PRODUCT_BUNDLE_IDENTIFIER = org.PorchFest;
				PRODUCT_NAME = "$(TARGET_NAME)";
				SWIFT_EMIT_LOC_STRINGS = YES;
				SWIFT_VERSION = 5.0;
				TARGETED_DEVICE_FAMILY = "1,2";
			};
			name = Debug;
		};
		C226C3492C88A5DA0023F6FC /* Release */ = {
			isa = XCBuildConfiguration;
			buildSettings = {
				ASSETCATALOG_COMPILER_APPICON_NAME = AppIcon;
				ASSETCATALOG_COMPILER_GLOBAL_ACCENT_COLOR_NAME = AccentColor;
				CODE_SIGN_STYLE = Automatic;
				CURRENT_PROJECT_VERSION = 1;
				DEVELOPMENT_ASSET_PATHS = "\"PorchFest/Preview Content\"";
				DEVELOPMENT_TEAM = 3726845BCQ;
				ENABLE_PREVIEWS = YES;
				GENERATE_INFOPLIST_FILE = YES;
				INFOPLIST_FILE = PorchFest/Info.plist;
				INFOPLIST_KEY_CFBundleDisplayName = PorchFest;
				INFOPLIST_KEY_LSApplicationCategoryType = "public.app-category.music";
				INFOPLIST_KEY_NSLocationWhenInUseUsageDescription = "The Porchfest App is dependent on your location for use";
				INFOPLIST_KEY_UIApplicationSceneManifest_Generation = YES;
				INFOPLIST_KEY_UIApplicationSupportsIndirectInputEvents = YES;
				INFOPLIST_KEY_UILaunchScreen_Generation = YES;
				INFOPLIST_KEY_UISupportedInterfaceOrientations_iPad = "UIInterfaceOrientationPortrait UIInterfaceOrientationPortraitUpsideDown UIInterfaceOrientationLandscapeLeft UIInterfaceOrientationLandscapeRight";
				INFOPLIST_KEY_UISupportedInterfaceOrientations_iPhone = "UIInterfaceOrientationPortrait UIInterfaceOrientationLandscapeLeft UIInterfaceOrientationLandscapeRight";
				LD_RUNPATH_SEARCH_PATHS = (
					"$(inherited)",
					"@executable_path/Frameworks",
				);
				MARKETING_VERSION = 1.0;
				PRODUCT_BUNDLE_IDENTIFIER = org.PorchFest;
				PRODUCT_NAME = "$(TARGET_NAME)";
				SWIFT_EMIT_LOC_STRINGS = YES;
				SWIFT_VERSION = 5.0;
				TARGETED_DEVICE_FAMILY = "1,2";
			};
			name = Release;
		};
/* End XCBuildConfiguration section */

/* Begin XCConfigurationList section */
		C2170FB72CA1FFD800484D4C /* Build configuration list for PBXNativeTarget "PorchFestTests" */ = {
			isa = XCConfigurationList;
			buildConfigurations = (
				C2170FB82CA1FFD800484D4C /* Debug */,
				C2170FB92CA1FFD800484D4C /* Release */,
			);
			defaultConfigurationIsVisible = 0;
			defaultConfigurationName = Release;
		};
		C226C3342C88A5D90023F6FC /* Build configuration list for PBXProject "PorchFest" */ = {
			isa = XCConfigurationList;
			buildConfigurations = (
				C226C3452C88A5DA0023F6FC /* Debug */,
				C226C3462C88A5DA0023F6FC /* Release */,
			);
			defaultConfigurationIsVisible = 0;
			defaultConfigurationName = Release;
		};
		C226C3472C88A5DA0023F6FC /* Build configuration list for PBXNativeTarget "PorchFest" */ = {
			isa = XCConfigurationList;
			buildConfigurations = (
				C226C3482C88A5DA0023F6FC /* Debug */,
				C226C3492C88A5DA0023F6FC /* Release */,
			);
			defaultConfigurationIsVisible = 0;
			defaultConfigurationName = Release;
		};
/* End XCConfigurationList section */
	};
	rootObject = C226C3312C88A5D90023F6FC /* Project object */;
}
